
Microsoft Visual Studio Solution File, Format Version 12.00
# Visual Studio Version 16
VisualStudioVersion = 16.0.29920.165
MinimumVisualStudioVersion = 10.0.40219.1
Project("{FAE04EC0-301F-11D3-BF4B-00C04F79EFBC}") = "First_Partial_GUI", "First_Partial_GUI.csproj", "{16F4B361-0817-4300-9CFC-77CCFF91D9BF}"
EndProject
Global
	GlobalSection(SolutionConfigurationPlatforms) = preSolution
		Debug|Any CPU = Debug|Any CPU
		Release|Any CPU = Release|Any CPU
	EndGlobalSection
	GlobalSection(ProjectConfigurationPlatforms) = postSolution
		{16F4B361-0817-4300-9CFC-77CCFF91D9BF}.Debug|Any CPU.ActiveCfg = Debug|Any CPU
		{16F4B361-0817-4300-9CFC-77CCFF91D9BF}.Debug|Any CPU.Build.0 = Debug|Any CPU
		{16F4B361-0817-4300-9CFC-77CCFF91D9BF}.Release|Any CPU.ActiveCfg = Release|Any CPU
		{16F4B361-0817-4300-9CFC-77CCFF91D9BF}.Release|Any CPU.Build.0 = Release|Any CPU
	EndGlobalSection
	GlobalSection(SolutionProperties) = preSolution
		HideSolutionNode = FALSE
	EndGlobalSection
	GlobalSection(ExtensibilityGlobals) = postSolution
		SolutionGuid = {ED900E78-B063-4813-9B92-10016A5968AF}
	EndGlobalSection
EndGlobal
